
Microsoft Visual Studio Solution File, Format Version 12.00
# Visual Studio Version 16
VisualStudioVersion = 16.0.32802.440
MinimumVisualStudioVersion = 10.0.40219.1
Project("{FAE04EC0-301F-11D3-BF4B-00C04F79EFBC}") = "Assignment7", "Assignment7.csproj", "{B76AB19D-7AC7-48E3-B5F4-0E31FC98C6CF}"
EndProject
Global
	GlobalSection(SolutionConfigurationPlatforms) = preSolution
		Debug|Any CPU = Debug|Any CPU
		Release|Any CPU = Release|Any CPU
	EndGlobalSection
	GlobalSection(ProjectConfigurationPlatforms) = postSolution
		{B76AB19D-7AC7-48E3-B5F4-0E31FC98C6CF}.Debug|Any CPU.ActiveCfg = Debug|Any CPU
		{B76AB19D-7AC7-48E3-B5F4-0E31FC98C6CF}.Debug|Any CPU.Build.0 = Debug|Any CPU
		{B76AB19D-7AC7-48E3-B5F4-0E31FC98C6CF}.Release|Any CPU.ActiveCfg = Release|Any CPU
		{B76AB19D-7AC7-48E3-B5F4-0E31FC98C6CF}.Release|Any CPU.Build.0 = Release|Any CPU
	EndGlobalSection
	GlobalSection(SolutionProperties) = preSolution
		HideSolutionNode = FALSE
	EndGlobalSection
	GlobalSection(ExtensibilityGlobals) = postSolution
		SolutionGuid = {0DF4B9D8-78DF-4121-AF31-BBE4AF89C95A}
	EndGlobalSection
EndGlobal
